
Microsoft Visual Studio Solution File, Format Version 12.00
# Visual Studio Version 16
VisualStudioVersion = 16.0.31025.194
MinimumVisualStudioVersion = 10.0.40219.1
Project("{FAE04EC0-301F-11D3-BF4B-00C04F79EFBC}") = "BossSlothsMod", "BossSlothsMod\BossSlothsMod.csproj", "{1A3B42E3-3BC2-4F3A-8A0B-9C2D89D677B7}"
EndProject
Global
	GlobalSection(SolutionConfigurationPlatforms) = preSolution
		Debug|Any CPU = Debug|Any CPU
		Release|Any CPU = Release|Any CPU
	EndGlobalSection
	GlobalSection(ProjectConfigurationPlatforms) = postSolution
		{1A3B42E3-3BC2-4F3A-8A0B-9C2D89D677B7}.Debug|Any CPU.ActiveCfg = Debug|Any CPU
		{1A3B42E3-3BC2-4F3A-8A0B-9C2D89D677B7}.Debug|Any CPU.Build.0 = Debug|Any CPU
		{1A3B42E3-3BC2-4F3A-8A0B-9C2D89D677B7}.Release|Any CPU.ActiveCfg = Release|Any CPU
		{1A3B42E3-3BC2-4F3A-8A0B-9C2D89D677B7}.Release|Any CPU.Build.0 = Release|Any CPU
	EndGlobalSection
	GlobalSection(SolutionProperties) = preSolution
		HideSolutionNode = FALSE
	EndGlobalSection
	GlobalSection(ExtensibilityGlobals) = postSolution
		SolutionGuid = {8C7378FA-8881-4762-9F9D-5A87C4A7C8E3}
	EndGlobalSection
EndGlobal
